
Microsoft Visual Studio Solution File, Format Version 12.00
# Visual Studio Version 17
VisualStudioVersion = 17.4.33122.133
MinimumVisualStudioVersion = 10.0.40219.1
Project("{FAE04EC0-301F-11D3-BF4B-00C04F79EFBC}") = "serverGUI", "serverGUI\serverGUI.csproj", "{8D406B49-760B-44CE-A9D1-E18DFAD251E8}"
EndProject
Global
	GlobalSection(SolutionConfigurationPlatforms) = preSolution
		Debug|Any CPU = Debug|Any CPU
		Release|Any CPU = Release|Any CPU
	EndGlobalSection
	GlobalSection(ProjectConfigurationPlatforms) = postSolution
		{8D406B49-760B-44CE-A9D1-E18DFAD251E8}.Debug|Any CPU.ActiveCfg = Debug|Any CPU
		{8D406B49-760B-44CE-A9D1-E18DFAD251E8}.Debug|Any CPU.Build.0 = Debug|Any CPU
		{8D406B49-760B-44CE-A9D1-E18DFAD251E8}.Release|Any CPU.ActiveCfg = Release|Any CPU
		{8D406B49-760B-44CE-A9D1-E18DFAD251E8}.Release|Any CPU.Build.0 = Release|Any CPU
	EndGlobalSection
	GlobalSection(SolutionProperties) = preSolution
		HideSolutionNode = FALSE
	EndGlobalSection
	GlobalSection(ExtensibilityGlobals) = postSolution
		SolutionGuid = {E4882450-4FA5-4DDA-9689-932F25A4955E}
	EndGlobalSection
EndGlobal
